
Microsoft Visual Studio Solution File, Format Version 12.00
# Visual Studio Version 17
VisualStudioVersion = 17.11.35219.272
MinimumVisualStudioVersion = 10.0.40219.1
Project("{FAE04EC0-301F-11D3-BF4B-00C04F79EFBC}") = "Banco", "Banco.csproj", "{1A85FD0A-8663-428C-B469-30787184DBCB}"
EndProject
Global
	GlobalSection(SolutionConfigurationPlatforms) = preSolution
		Debug|Any CPU = Debug|Any CPU
		Release|Any CPU = Release|Any CPU
	EndGlobalSection
	GlobalSection(ProjectConfigurationPlatforms) = postSolution
		{1A85FD0A-8663-428C-B469-30787184DBCB}.Debug|Any CPU.ActiveCfg = Debug|Any CPU
		{1A85FD0A-8663-428C-B469-30787184DBCB}.Debug|Any CPU.Build.0 = Debug|Any CPU
		{1A85FD0A-8663-428C-B469-30787184DBCB}.Release|Any CPU.ActiveCfg = Release|Any CPU
		{1A85FD0A-8663-428C-B469-30787184DBCB}.Release|Any CPU.Build.0 = Release|Any CPU
	EndGlobalSection
	GlobalSection(SolutionProperties) = preSolution
		HideSolutionNode = FALSE
	EndGlobalSection
	GlobalSection(ExtensibilityGlobals) = postSolution
		SolutionGuid = {3AE26D4B-53F7-46C5-B397-4387A3B283C1}
	EndGlobalSection
EndGlobal
